
Microsoft Visual Studio Solution File, Format Version 12.00
# Visual Studio 15
VisualStudioVersion = 15.0.28307.168
MinimumVisualStudioVersion = 10.0.40219.1
Project("{9A19103F-16F7-4668-BE54-9A1E7A4F7556}") = "DeliveryApp1", "DeliveryApp1\DeliveryApp1.csproj", "{F29BC405-CB65-4119-83A2-B32B810277F5}"
EndProject
Project("{FAE04EC0-301F-11D3-BF4B-00C04F79EFBC}") = "DeliveryApp1.Andriod", "DeliveryApp1.Andriod\DeliveryApp1.Andriod.csproj", "{F0FB2844-5847-455A-923F-9561EEF9BD7E}"
EndProject
Project("{FAE04EC0-301F-11D3-BF4B-00C04F79EFBC}") = "DeliveryPersonApp", "DeliveryPersonApp\DeliveryPersonApp.csproj", "{0D9963E6-C1ED-47A6-BEED-D4D44F7B6EAE}"
EndProject
Global
	GlobalSection(SolutionConfigurationPlatforms) = preSolution
		Debug|Any CPU = Debug|Any CPU
		Release|Any CPU = Release|Any CPU
	EndGlobalSection
	GlobalSection(ProjectConfigurationPlatforms) = postSolution
		{F29BC405-CB65-4119-83A2-B32B810277F5}.Debug|Any CPU.ActiveCfg = Debug|Any CPU
		{F29BC405-CB65-4119-83A2-B32B810277F5}.Debug|Any CPU.Build.0 = Debug|Any CPU
		{F29BC405-CB65-4119-83A2-B32B810277F5}.Release|Any CPU.ActiveCfg = Release|Any CPU
		{F29BC405-CB65-4119-83A2-B32B810277F5}.Release|Any CPU.Build.0 = Release|Any CPU
		{F0FB2844-5847-455A-923F-9561EEF9BD7E}.Debug|Any CPU.ActiveCfg = Debug|Any CPU
		{F0FB2844-5847-455A-923F-9561EEF9BD7E}.Debug|Any CPU.Build.0 = Debug|Any CPU
		{F0FB2844-5847-455A-923F-9561EEF9BD7E}.Debug|Any CPU.Deploy.0 = Debug|Any CPU
		{F0FB2844-5847-455A-923F-9561EEF9BD7E}.Release|Any CPU.ActiveCfg = Release|Any CPU
		{F0FB2844-5847-455A-923F-9561EEF9BD7E}.Release|Any CPU.Build.0 = Release|Any CPU
		{F0FB2844-5847-455A-923F-9561EEF9BD7E}.Release|Any CPU.Deploy.0 = Release|Any CPU
		{0D9963E6-C1ED-47A6-BEED-D4D44F7B6EAE}.Debug|Any CPU.ActiveCfg = Debug|Any CPU
		{0D9963E6-C1ED-47A6-BEED-D4D44F7B6EAE}.Debug|Any CPU.Build.0 = Debug|Any CPU
		{0D9963E6-C1ED-47A6-BEED-D4D44F7B6EAE}.Debug|Any CPU.Deploy.0 = Debug|Any CPU
		{0D9963E6-C1ED-47A6-BEED-D4D44F7B6EAE}.Release|Any CPU.ActiveCfg = Release|Any CPU
		{0D9963E6-C1ED-47A6-BEED-D4D44F7B6EAE}.Release|Any CPU.Build.0 = Release|Any CPU
		{0D9963E6-C1ED-47A6-BEED-D4D44F7B6EAE}.Release|Any CPU.Deploy.0 = Release|Any CPU
	EndGlobalSection
	GlobalSection(SolutionProperties) = preSolution
		HideSolutionNode = FALSE
	EndGlobalSection
	GlobalSection(ExtensibilityGlobals) = postSolution
		SolutionGuid = {96454EA9-ACEF-45E1-B819-E3BB9A90BBCD}
	EndGlobalSection
EndGlobal
